// !$*UTF8*$!
{
	archiveVersion = 1;
	classes = {
	};
	objectVersion = 50;
	objects = {

/* Begin PBXBuildFile section */
		9252D002217607280061C1FD /* AppDelegate.swift in Sources */ = {isa = PBXBuildFile; fileRef = 9252D001217607280061C1FD /* AppDelegate.swift */; };
		9252D004217607280061C1FD /* ViewController.swift in Sources */ = {isa = PBXBuildFile; fileRef = 9252D003217607280061C1FD /* ViewController.swift */; };
		9252D007217607280061C1FD /* Main.storyboard in Resources */ = {isa = PBXBuildFile; fileRef = 9252D005217607280061C1FD /* Main.storyboard */; };
		9252D0092176072A0061C1FD /* Assets.xcassets in Resources */ = {isa = PBXBuildFile; fileRef = 9252D0082176072A0061C1FD /* Assets.xcassets */; };
		9252D00C2176072A0061C1FD /* LaunchScreen.storyboard in Resources */ = {isa = PBXBuildFile; fileRef = 9252D00A2176072A0061C1FD /* LaunchScreen.storyboard */; };
		9252D0172176072A0061C1FD /* FirsWeekTests.swift in Sources */ = {isa = PBXBuildFile; fileRef = 9252D0162176072A0061C1FD /* FirsWeekTests.swift */; };
		9252D022217706AA0061C1FD /* ViewTwo.swift in Sources */ = {isa = PBXBuildFile; fileRef = 9252D021217706AA0061C1FD /* ViewTwo.swift */; };
/* End PBXBuildFile section */

/* Begin PBXContainerItemProxy section */
		9252D0132176072A0061C1FD /* PBXContainerItemProxy */ = {
			isa = PBXContainerItemProxy;
			containerPortal = 9252CFF6217607270061C1FD /* Project object */;
			proxyType = 1;
			remoteGlobalIDString = 9252CFFD217607270061C1FD;
			remoteInfo = FirsWeek;
		};
/* End PBXContainerItemProxy section */

/* Begin PBXFileReference section */
		9252CFFE217607280061C1FD /* FirsWeek.app */ = {isa = PBXFileReference; explicitFileType = wrapper.application; includeInIndex = 0; path = FirsWeek.app; sourceTree = BUILT_PRODUCTS_DIR; };
		9252D001217607280061C1FD /* AppDelegate.swift */ = {isa = PBXFileReference; lastKnownFileType = sourcecode.swift; path = AppDelegate.swift; sourceTree = "<group>"; };
		9252D003217607280061C1FD /* ViewController.swift */ = {isa = PBXFileReference; lastKnownFileType = sourcecode.swift; path = ViewController.swift; sourceTree = "<group>"; };
		9252D006217607280061C1FD /* Base */ = {isa = PBXFileReference; lastKnownFileType = file.storyboard; name = Base; path = Base.lproj/Main.storyboard; sourceTree = "<group>"; };
		9252D0082176072A0061C1FD /* Assets.xcassets */ = {isa = PBXFileReference; lastKnownFileType = folder.assetcatalog; path = Assets.xcassets; sourceTree = "<group>"; };
		9252D00B2176072A0061C1FD /* Base */ = {isa = PBXFileReference; lastKnownFileType = file.storyboard; name = Base; path = Base.lproj/LaunchScreen.storyboard; sourceTree = "<group>"; };
		9252D00D2176072A0061C1FD /* Info.plist */ = {isa = PBXFileReference; lastKnownFileType = text.plist.xml; path = Info.plist; sourceTree = "<group>"; };
		9252D0122176072A0061C1FD /* FirsWeekTests.xctest */ = {isa = PBXFileReference; explicitFileType = wrapper.cfbundle; includeInIndex = 0; path = FirsWeekTests.xctest; sourceTree = BUILT_PRODUCTS_DIR; };
		9252D0162176072A0061C1FD /* FirsWeekTests.swift */ = {isa = PBXFileReference; lastKnownFileType = sourcecode.swift; path = FirsWeekTests.swift; sourceTree = "<group>"; };
		9252D0182176072A0061C1FD /* Info.plist */ = {isa = PBXFileReference; lastKnownFileType = text.plist.xml; path = Info.plist; sourceTree = "<group>"; };
		9252D021217706AA0061C1FD /* ViewTwo.swift */ = {isa = PBXFileReference; lastKnownFileType = sourcecode.swift; path = ViewTwo.swift; sourceTree = "<group>"; };
/* End PBXFileReference section */

/* Begin PBXFrameworksBuildPhase section */
		9252CFFB217607270061C1FD /* Frameworks */ = {
			isa = PBXFrameworksBuildPhase;
			buildActionMask = 2147483647;
			files = (
			);
			runOnlyForDeploymentPostprocessing = 0;
		};
		9252D00F2176072A0061C1FD /* Frameworks */ = {
			isa = PBXFrameworksBuildPhase;
			buildActionMask = 2147483647;
			files = (
			);
			runOnlyForDeploymentPostprocessing = 0;
		};
/* End PBXFrameworksBuildPhase section */

/* Begin PBXGroup section */
		9252CFF5217607270061C1FD = {
			isa = PBXGroup;
			children = (
				9252D000217607280061C1FD /* FirsWeek */,
				9252D0152176072A0061C1FD /* FirsWeekTests */,
				9252CFFF217607280061C1FD /* Products */,
			);
			sourceTree = "<group>";
		};
		9252CFFF217607280061C1FD /* Products */ = {
			isa = PBXGroup;
			children = (
				9252CFFE217607280061C1FD /* FirsWeek.app */,
				9252D0122176072A0061C1FD /* FirsWeekTests.xctest */,
			);
			name = Products;
			sourceTree = "<group>";
		};
		9252D000217607280061C1FD /* FirsWeek */ = {
			isa = PBXGroup;
			children = (
				9252D001217607280061C1FD /* AppDelegate.swift */,
				9252D003217607280061C1FD /* ViewController.swift */,
				9252D021217706AA0061C1FD /* ViewTwo.swift */,
				9252D005217607280061C1FD /* Main.storyboard */,
				9252D0082176072A0061C1FD /* Assets.xcassets */,
				9252D00A2176072A0061C1FD /* LaunchScreen.storyboard */,
				9252D00D2176072A0061C1FD /* Info.plist */,
			);
			path = FirsWeek;
			sourceTree = "<group>";
		};
		9252D0152176072A0061C1FD /* FirsWeekTests */ = {
			isa = PBXGroup;
			children = (
				9252D0162176072A0061C1FD /* FirsWeekTests.swift */,
				9252D0182176072A0061C1FD /* Info.plist */,
			);
			path = FirsWeekTests;
			sourceTree = "<group>";
		};
/* End PBXGroup section */

/* Begin PBXNativeTarget section */
		9252CFFD217607270061C1FD /* FirsWeek */ = {
			isa = PBXNativeTarget;
			buildConfigurationList = 9252D01B2176072A0061C1FD /* Build configuration list for PBXNativeTarget "FirsWeek" */;
			buildPhases = (
				9252CFFA217607270061C1FD /* Sources */,
				9252CFFB217607270061C1FD /* Frameworks */,
				9252CFFC217607270061C1FD /* Resources */,
			);
			buildRules = (
			);
			dependencies = (
			);
			name = FirsWeek;
			productName = FirsWeek;
			productReference = 9252CFFE217607280061C1FD /* FirsWeek.app */;
			productType = "com.apple.product-type.application";
		};
		9252D0112176072A0061C1FD /* FirsWeekTests */ = {
			isa = PBXNativeTarget;
			buildConfigurationList = 9252D01E2176072A0061C1FD /* Build configuration list for PBXNativeTarget "FirsWeekTests" */;
			buildPhases = (
				9252D00E2176072A0061C1FD /* Sources */,
				9252D00F2176072A0061C1FD /* Frameworks */,
				9252D0102176072A0061C1FD /* Resources */,
			);
			buildRules = (
			);
			dependencies = (
				9252D0142176072A0061C1FD /* PBXTargetDependency */,
			);
			name = FirsWeekTests;
			productName = FirsWeekTests;
			productReference = 9252D0122176072A0061C1FD /* FirsWeekTests.xctest */;
			productType = "com.apple.product-type.bundle.unit-test";
		};
/* End PBXNativeTarget section */

/* Begin PBXProject section */
		9252CFF6217607270061C1FD /* Project object */ = {
			isa = PBXProject;
			attributes = {
				LastSwiftUpdateCheck = 0940;
				LastUpgradeCheck = 0940;
				ORGANIZATIONNAME = "Can Bas";
				TargetAttributes = {
					9252CFFD217607270061C1FD = {
						CreatedOnToolsVersion = 9.4.1;
					};
					9252D0112176072A0061C1FD = {
						CreatedOnToolsVersion = 9.4.1;
						TestTargetID = 9252CFFD217607270061C1FD;
					};
				};
			};
			buildConfigurationList = 9252CFF9217607270061C1FD /* Build configuration list for PBXProject "FirsWeek" */;
			compatibilityVersion = "Xcode 9.3";
			developmentRegion = en;
			hasScannedForEncodings = 0;
			knownRegions = (
				en,
				Base,
			);
			mainGroup = 9252CFF5217607270061C1FD;
			productRefGroup = 9252CFFF217607280061C1FD /* Products */;
			projectDirPath = "";
			projectRoot = "";
			targets = (
				9252CFFD217607270061C1FD /* FirsWeek */,
				9252D0112176072A0061C1FD /* FirsWeekTests */,
			);
		};
/* End PBXProject section */

/* Begin PBXResourcesBuildPhase section */
		9252CFFC217607270061C1FD /* Resources */ = {
			isa = PBXResourcesBuildPhase;
			buildActionMask = 2147483647;
			files = (
				9252D00C2176072A0061C1FD /* LaunchScreen.storyboard in Resources */,
				9252D0092176072A0061C1FD /* Assets.xcassets in Resources */,
				9252D007217607280061C1FD /* Main.storyboard in Resources */,
			);
			runOnlyForDeploymentPostprocessing = 0;
		};
		9252D0102176072A0061C1FD /* Resources */ = {
			isa = PBXResourcesBuildPhase;
			buildActionMask = 2147483647;
			files = (
			);
			runOnlyForDeploymentPostprocessing = 0;
		};
/* End PBXResourcesBuildPhase section */

/* Begin PBXSourcesBuildPhase section */
		9252CFFA217607270061C1FD /* Sources */ = {
			isa = PBXSourcesBuildPhase;
			buildActionMask = 2147483647;
			files = (
				9252D004217607280061C1FD /* ViewController.swift in Sources */,
				9252D002217607280061C1FD /* AppDelegate.swift in Sources */,
				9252D022217706AA0061C1FD /* ViewTwo.swift in Sources */,
			);
			runOnlyForDeploymentPostprocessing = 0;
		};
		9252D00E2176072A0061C1FD /* Sources */ = {
			isa = PBXSourcesBuildPhase;
			buildActionMask = 2147483647;
			files = (
				9252D0172176072A0061C1FD /* FirsWeekTests.swift in Sources */,
			);
			runOnlyForDeploymentPostprocessing = 0;
		};
/* End PBXSourcesBuildPhase section */

/* Begin PBXTargetDependency section */
		9252D0142176072A0061C1FD /* PBXTargetDependency */ = {
			isa = PBXTargetDependency;
			target = 9252CFFD217607270061C1FD /* FirsWeek */;
			targetProxy = 9252D0132176072A0061C1FD /* PBXContainerItemProxy */;
		};
/* End PBXTargetDependency section */

/* Begin PBXVariantGroup section */
		9252D005217607280061C1FD /* Main.storyboard */ = {
			isa = PBXVariantGroup;
			children = (
				9252D006217607280061C1FD /* Base */,
			);
			name = Main.storyboard;
			sourceTree = "<group>";
		};
		9252D00A2176072A0061C1FD /* LaunchScreen.storyboard */ = {
			isa = PBXVariantGroup;
			children = (
				9252D00B2176072A0061C1FD /* Base */,
			);
			name = LaunchScreen.storyboard;
			sourceTree = "<group>";
		};
/* End PBXVariantGroup section */

/* Begin XCBuildConfiguration section */
		9252D0192176072A0061C1FD /* Debug */ = {
			isa = XCBuildConfiguration;
			buildSettings = {
				ALWAYS_SEARCH_USER_PATHS = NO;
				CLANG_ANALYZER_NONNULL = YES;
				CLANG_ANALYZER_NUMBER_OBJECT_CONVERSION = YES_AGGRESSIVE;
				CLANG_CXX_LANGUAGE_STANDARD = "gnu++14";
				CLANG_CXX_LIBRARY = "libc++";
				CLANG_ENABLE_MODULES = YES;
				CLANG_ENABLE_OBJC_ARC = YES;
				CLANG_ENABLE_OBJC_WEAK = YES;
				CLANG_WARN_BLOCK_CAPTURE_AUTORELEASING = YES;
				CLANG_WARN_BOOL_CONVERSION = YES;
				CLANG_WARN_COMMA = YES;
				CLANG_WARN_CONSTANT_CONVERSION = YES;
				CLANG_WARN_DEPRECATED_OBJC_IMPLEMENTATIONS = YES;
				CLANG_WARN_DIRECT_OBJC_ISA_USAGE = YES_ERROR;
				CLANG_WARN_DOCUMENTATION_COMMENTS = YES;
				CLANG_WARN_EMPTY_BODY = YES;
				CLANG_WARN_ENUM_CONVERSION = YES;
				CLANG_WARN_INFINITE_RECURSION = YES;
				CLANG_WARN_INT_CONVERSION = YES;
				CLANG_WARN_NON_LITERAL_NULL_CONVERSION = YES;
				CLANG_WARN_OBJC_IMPLICIT_RETAIN_SELF = YES;
				CLANG_WARN_OBJC_LITERAL_CONVERSION = YES;
				CLANG_WARN_OBJC_ROOT_CLASS = YES_ERROR;
				CLANG_WARN_RANGE_LOOP_ANALYSIS = YES;
				CLANG_WARN_STRICT_PROTOTYPES = YES;
				CLANG_WARN_SUSPICIOUS_MOVE = YES;
				CLANG_WARN_UNGUARDED_AVAILABILITY = YES_AGGRESSIVE;
				CLANG_WARN_UNREACHABLE_CODE = YES;
				CLANG_WARN__DUPLICATE_METHOD_MATCH = YES;
				CODE_SIGN_IDENTITY = "iPhone Developer";
				COPY_PHASE_STRIP = NO;
				DEBUG_INFORMATION_FORMAT = dwarf;
				ENABLE_STRICT_OBJC_MSGSEND = YES;
				ENABLE_TESTABILITY = YES;
				GCC_C_LANGUAGE_STANDARD = gnu11;
				GCC_DYNAMIC_NO_PIC = NO;
				GCC_NO_COMMON_BLOCKS = YES;
				GCC_OPTIMIZATION_LEVEL = 0;
				GCC_PREPROCESSOR_DEFINITIONS = (
					"DEBUG=1",
					"$(inherited)",
				);
				GCC_WARN_64_TO_32_BIT_CONVERSION = YES;
				GCC_WARN_ABOUT_RETURN_TYPE = YES_ERROR;
				GCC_WARN_UNDECLARED_SELECTOR = YES;
				GCC_WARN_UNINITIALIZED_AUTOS = YES_AGGRESSIVE;
				GCC_WARN_UNUSED_FUNCTION = YES;
				GCC_WARN_UNUSED_VARIABLE = YES;
				IPHONEOS_DEPLOYMENT_TARGET = 11.4;
				MTL_ENABLE_DEBUG_INFO = YES;
				ONLY_ACTIVE_ARCH = YES;
				SDKROOT = iphoneos;
				SWIFT_ACTIVE_COMPILATION_CONDITIONS = DEBUG;
				SWIFT_OPTIMIZATION_LEVEL = "-Onone";
			};
			name = Debug;
		};
		9252D01A2176072A0061C1FD /* Release */ = {
			isa = XCBuildConfiguration;
			buildSettings = {
				ALWAYS_SEARCH_USER_PATHS = NO;
				CLANG_ANALYZER_NONNULL = YES;
				CLANG_ANALYZER_NUMBER_OBJECT_CONVERSION = YES_AGGRESSIVE;
				CLANG_CXX_LANGUAGE_STANDARD = "gnu++14";
				CLANG_CXX_LIBRARY = "libc++";
				CLANG_ENABLE_MODULES = YES;
				CLANG_ENABLE_OBJC_ARC = YES;
				CLANG_ENABLE_OBJC_WEAK = YES;
				CLANG_WARN_BLOCK_CAPTURE_AUTORELEASING = YES;
				CLANG_WARN_BOOL_CONVERSION = YES;
				CLANG_WARN_COMMA = YES;
				CLANG_WARN_CONSTANT_CONVERSION = YES;
				CLANG_WARN_DEPRECATED_OBJC_IMPLEMENTATIONS = YES;
				CLANG_WARN_DIRECT_OBJC_ISA_USAGE = YES_ERROR;
				CLANG_WARN_DOCUMENTATION_COMMENTS = YES;
				CLANG_WARN_EMPTY_BODY = YES;
				CLANG_WARN_ENUM_CONVERSION = YES;
				CLANG_WARN_INFINITE_RECURSION = YES;
				CLANG_WARN_INT_CONVERSION = YES;
				CLANG_WARN_NON_LITERAL_NULL_CONVERSION = YES;
				CLANG_WARN_OBJC_IMPLICIT_RETAIN_SELF = YES;
				CLANG_WARN_OBJC_LITERAL_CONVERSION = YES;
				CLANG_WARN_OBJC_ROOT_CLASS = YES_ERROR;
				CLANG_WARN_RANGE_LOOP_ANALYSIS = YES;
				CLANG_WARN_STRICT_PROTOTYPES = YES;
				CLANG_WARN_SUSPICIOUS_MOVE = YES;
				CLANG_WARN_UNGUARDED_AVAILABILITY = YES_AGGRESSIVE;
				CLANG_WARN_UNREACHABLE_CODE = YES;
				CLANG_WARN__DUPLICATE_METHOD_MATCH = YES;
				CODE_SIGN_IDENTITY = "iPhone Developer";
				COPY_PHASE_STRIP = NO;
				DEBUG_INFORMATION_FORMAT = "dwarf-with-dsym";
				ENABLE_NS_ASSERTIONS = NO;
				ENABLE_STRICT_OBJC_MSGSEND = YES;
				GCC_C_LANGUAGE_STANDARD = gnu11;
				GCC_NO_COMMON_BLOCKS = YES;
				GCC_WARN_64_TO_32_BIT_CONVERSION = YES;
				GCC_WARN_ABOUT_RETURN_TYPE = YES_ERROR;
				GCC_WARN_UNDECLARED_SELECTOR = YES;
				GCC_WARN_UNINITIALIZED_AUTOS = YES_AGGRESSIVE;
				GCC_WARN_UNUSED_FUNCTION = YES;
				GCC_WARN_UNUSED_VARIABLE = YES;
				IPHONEOS_DEPLOYMENT_TARGET = 11.4;
				MTL_ENABLE_DEBUG_INFO = NO;
				SDKROOT = iphoneos;
				SWIFT_COMPILATION_MODE = wholemodule;
				SWIFT_OPTIMIZATION_LEVEL = "-O";
				VALIDATE_PRODUCT = YES;
			};
			name = Release;
		};
		9252D01C2176072A0061C1FD /* Debug */ = {
			isa = XCBuildConfiguration;
			buildSettings = {
				ASSETCATALOG_COMPILER_APPICON_NAME = AppIcon;
				CODE_SIGN_STYLE = Automatic;
				INFOPLIST_FILE = FirsWeek/Info.plist;
				LD_RUNPATH_SEARCH_PATHS = (
					"$(inherited)",
					"@executable_path/Frameworks",
				);
				PRODUCT_BUNDLE_IDENTIFIER = com.can.FirsWeek;
				PRODUCT_NAME = "$(TARGET_NAME)";
				SWIFT_VERSION = 4.0;
				TARGETED_DEVICE_FAMILY = "1,2";
			};
			name = Debug;
		};
		9252D01D2176072A0061C1FD /* Release */ = {
			isa = XCBuildConfiguration;
			buildSettings = {
				ASSETCATALOG_COMPILER_APPICON_NAME = AppIcon;
				CODE_SIGN_STYLE = Automatic;
				INFOPLIST_FILE = FirsWeek/Info.plist;
				LD_RUNPATH_SEARCH_PATHS = (
					"$(inherited)",
					"@executable_path/Frameworks",
				);
				PRODUCT_BUNDLE_IDENTIFIER = com.can.FirsWeek;
				PRODUCT_NAME = "$(TARGET_NAME)";
				SWIFT_VERSION = 4.0;
				TARGETED_DEVICE_FAMILY = "1,2";
			};
			name = Release;
		};
		9252D01F2176072A0061C1FD /* Debug */ = {
			isa = XCBuildConfiguration;
			buildSettings = {
				ALWAYS_EMBED_SWIFT_STANDARD_LIBRARIES = YES;
				BUNDLE_LOADER = "$(TEST_HOST)";
				CODE_SIGN_STYLE = Automatic;
				INFOPLIST_FILE = FirsWeekTests/Info.plist;
				LD_RUNPATH_SEARCH_PATHS = (
					"$(inherited)",
					"@executable_path/Frameworks",
					"@loader_path/Frameworks",
				);
				PRODUCT_BUNDLE_IDENTIFIER = com.can.FirsWeekTests;
				PRODUCT_NAME = "$(TARGET_NAME)";
				SWIFT_VERSION = 4.0;
				TARGETED_DEVICE_FAMILY = "1,2";
				TEST_HOST = "$(BUILT_PRODUCTS_DIR)/FirsWeek.app/FirsWeek";
			};
			name = Debug;
		};
		9252D0202176072A0061C1FD /* Release */ = {
			isa = XCBuildConfiguration;
			buildSettings = {
				ALWAYS_EMBED_SWIFT_STANDARD_LIBRARIES = YES;
				BUNDLE_LOADER = "$(TEST_HOST)";
				CODE_SIGN_STYLE = Automatic;
				INFOPLIST_FILE = FirsWeekTests/Info.plist;
				LD_RUNPATH_SEARCH_PATHS = (
					"$(inherited)",
					"@executable_path/Frameworks",
					"@loader_path/Frameworks",
				);
				PRODUCT_BUNDLE_IDENTIFIER = com.can.FirsWeekTests;
				PRODUCT_NAME = "$(TARGET_NAME)";
				SWIFT_VERSION = 4.0;
				TARGETED_DEVICE_FAMILY = "1,2";
				TEST_HOST = "$(BUILT_PRODUCTS_DIR)/FirsWeek.app/FirsWeek";
			};
			name = Release;
		};
/* End XCBuildConfiguration section */

/* Begin XCConfigurationList section */
		9252CFF9217607270061C1FD /* Build configuration list for PBXProject "FirsWeek" */ = {
			isa = XCConfigurationList;
			buildConfigurations = (
				9252D0192176072A0061C1FD /* Debug */,
				9252D01A2176072A0061C1FD /* Release */,
			);
			defaultConfigurationIsVisible = 0;
			defaultConfigurationName = Release;
		};
		9252D01B2176072A0061C1FD /* Build configuration list for PBXNativeTarget "FirsWeek" */ = {
			isa = XCConfigurationList;
			buildConfigurations = (
				9252D01C2176072A0061C1FD /* Debug */,
				9252D01D2176072A0061C1FD /* Release */,
			);
			defaultConfigurationIsVisible = 0;
			defaultConfigurationName = Release;
		};
		9252D01E2176072A0061C1FD /* Build configuration list for PBXNativeTarget "FirsWeekTests" */ = {
			isa = XCConfigurationList;
			buildConfigurations = (
				9252D01F2176072A0061C1FD /* Debug */,
				9252D0202176072A0061C1FD /* Release */,
			);
			defaultConfigurationIsVisible = 0;
			defaultConfigurationName = Release;
		};
/* End XCConfigurationList section */
	};
	rootObject = 9252CFF6217607270061C1FD /* Project object */;
}
